
Microsoft Visual Studio Solution File, Format Version 12.00
# Visual Studio Version 17
VisualStudioVersion = 17.13.35931.197 d17.13
MinimumVisualStudioVersion = 10.0.40219.1
Project("{9A19103F-16F7-4668-BE54-9A1E7A4F7556}") = "VirtualHealth.UI", "Virtual-health-ui\VirtualHealth.UI.csproj", "{C439B0DD-B767-45F2-A0E1-78B3E335273D}"
EndProject
Project("{2150E333-8FDC-42A3-9474-1A3956D46DE8}") = "Solution Items", "Solution Items", "{8EC462FD-D22E-90A8-E5CE-7E832BA40C5D}"
EndProject
Global
	GlobalSection(SolutionConfigurationPlatforms) = preSolution
		Debug|Any CPU = Debug|Any CPU
		Release|Any CPU = Release|Any CPU
	EndGlobalSection
	GlobalSection(ProjectConfigurationPlatforms) = postSolution
		{C439B0DD-B767-45F2-A0E1-78B3E335273D}.Debug|Any CPU.ActiveCfg = Debug|Any CPU
		{C439B0DD-B767-45F2-A0E1-78B3E335273D}.Debug|Any CPU.Build.0 = Debug|Any CPU
		{C439B0DD-B767-45F2-A0E1-78B3E335273D}.Release|Any CPU.ActiveCfg = Release|Any CPU
		{C439B0DD-B767-45F2-A0E1-78B3E335273D}.Release|Any CPU.Build.0 = Release|Any CPU
	EndGlobalSection
	GlobalSection(SolutionProperties) = preSolution
		HideSolutionNode = FALSE
	EndGlobalSection
	GlobalSection(ExtensibilityGlobals) = postSolution
		SolutionGuid = {FF43FB23-4BB2-45C9-88DE-8B9DA9738A15}
	EndGlobalSection
EndGlobal
